
Microsoft Visual Studio Solution File, Format Version 12.00
# Visual Studio Version 17
VisualStudioVersion = 17.11.35327.3
MinimumVisualStudioVersion = 10.0.40219.1
Project("{2150E333-8FDC-42A3-9474-1A3956D46DE8}") = "1. No Abstraction", "1. No Abstraction", "{43D8A375-51C2-41B3-8F6F-ADB50226CFE4}"
EndProject
Project("{9A19103F-16F7-4668-BE54-9A1E7A4F7556}") = "NoAbstraction", "NoAbstraction\NoAbstraction.csproj", "{AEDFF6B9-32B6-4B24-911E-C1C7DA93DBEB}"
EndProject
Project("{2150E333-8FDC-42A3-9474-1A3956D46DE8}") = "2. No Abstraction - Provider", "2. No Abstraction - Provider", "{07C60496-0B9A-4F55-A319-4A5090C5BAEC}"
EndProject
Project("{9A19103F-16F7-4668-BE54-9A1E7A4F7556}") = "No Abstraction Provider", "Abstracted Not Injected\No Abstraction Provider.csproj", "{744E6FA8-F7E9-40FF-92A4-F66E0C979635}"
EndProject
Project("{2150E333-8FDC-42A3-9474-1A3956D46DE8}") = "3. Abstracted - Simple Injection", "3. Abstracted - Simple Injection", "{FC0A3DCC-8142-42B6-9614-047757EBD793}"
EndProject
Project("{9A19103F-16F7-4668-BE54-9A1E7A4F7556}") = "SimpleInjection", "SimpleInjection\SimpleInjection.csproj", "{32B3D542-E3DF-49AF-919C-DD033F01356E}"
EndProject
Project("{2150E333-8FDC-42A3-9474-1A3956D46DE8}") = "4. Modularization", "4. Modularization", "{23DEB442-80B7-4EF6-988A-CB14231246CB}"
EndProject
Project("{9A19103F-16F7-4668-BE54-9A1E7A4F7556}") = "Modularization", "Modularization\Modularization.csproj", "{A9BC9CAB-04E2-4609-BC80-B48104D2B348}"
EndProject
Project("{2150E333-8FDC-42A3-9474-1A3956D46DE8}") = "WeatherForecast.Abstractions", "WeatherForecast.Abstractions", "{181F9EA4-15BE-4033-B9AC-AA0FDF4761BF}"
EndProject
Project("{2150E333-8FDC-42A3-9474-1A3956D46DE8}") = "WeatherForecast.ClassicImplementation", "WeatherForecast.ClassicImplementation", "{B280D885-EDCE-4D49-A652-6F336FDC4860}"
EndProject
Project("{9A19103F-16F7-4668-BE54-9A1E7A4F7556}") = "WeatherForecast.Classic", "WeatherForecast.Classic\WeatherForecast.Classic.csproj", "{8F5CA10C-E6A5-4F0A-AE62-A556A34E43F8}"
EndProject
Project("{2150E333-8FDC-42A3-9474-1A3956D46DE8}") = "WeatherForecast.EnhancedImplementation", "WeatherForecast.EnhancedImplementation", "{B27545F6-E55F-4447-B958-1939D16002DA}"
EndProject
Project("{9A19103F-16F7-4668-BE54-9A1E7A4F7556}") = "WeatherForecast.Enhanced", "WeatherForecast.Enhanced\WeatherForecast.Enhanced.csproj", "{AF77149B-3898-4E52-9C47-CDBE0C59B555}"
EndProject
Project("{FAE04EC0-301F-11D3-BF4B-00C04F79EFBC}") = "WeatherForecast.Abstractions", "WeatherForecast.Abstractions\WeatherForecast.Abstractions.csproj", "{178EA556-AA90-4DBF-9FDE-D32DF0F206E2}"
EndProject
Project("{2150E333-8FDC-42A3-9474-1A3956D46DE8}") = "Libraries", "Libraries", "{02EA681E-C7D8-13C7-8484-4AC65E1B71E8}"
EndProject
Project("{2150E333-8FDC-42A3-9474-1A3956D46DE8}") = "5. RetCons", "5. RetCons", "{E563E8CE-CA4C-46E7-BF54-2705883282AF}"
EndProject
Project("{FAE04EC0-301F-11D3-BF4B-00C04F79EFBC}") = "RetConClientAPI", "RetConClientAPI\RetConClientAPI.csproj", "{E7545CBC-4BE8-4AE8-8B72-8EE57729FEEA}"
EndProject
Global
	GlobalSection(SolutionConfigurationPlatforms) = preSolution
		Debug|Any CPU = Debug|Any CPU
		Release|Any CPU = Release|Any CPU
	EndGlobalSection
	GlobalSection(ProjectConfigurationPlatforms) = postSolution
		{AEDFF6B9-32B6-4B24-911E-C1C7DA93DBEB}.Debug|Any CPU.ActiveCfg = Debug|Any CPU
		{AEDFF6B9-32B6-4B24-911E-C1C7DA93DBEB}.Debug|Any CPU.Build.0 = Debug|Any CPU
		{AEDFF6B9-32B6-4B24-911E-C1C7DA93DBEB}.Release|Any CPU.ActiveCfg = Release|Any CPU
		{AEDFF6B9-32B6-4B24-911E-C1C7DA93DBEB}.Release|Any CPU.Build.0 = Release|Any CPU
		{744E6FA8-F7E9-40FF-92A4-F66E0C979635}.Debug|Any CPU.ActiveCfg = Debug|Any CPU
		{744E6FA8-F7E9-40FF-92A4-F66E0C979635}.Debug|Any CPU.Build.0 = Debug|Any CPU
		{744E6FA8-F7E9-40FF-92A4-F66E0C979635}.Release|Any CPU.ActiveCfg = Release|Any CPU
		{744E6FA8-F7E9-40FF-92A4-F66E0C979635}.Release|Any CPU.Build.0 = Release|Any CPU
		{32B3D542-E3DF-49AF-919C-DD033F01356E}.Debug|Any CPU.ActiveCfg = Debug|Any CPU
		{32B3D542-E3DF-49AF-919C-DD033F01356E}.Debug|Any CPU.Build.0 = Debug|Any CPU
		{32B3D542-E3DF-49AF-919C-DD033F01356E}.Release|Any CPU.ActiveCfg = Release|Any CPU
		{32B3D542-E3DF-49AF-919C-DD033F01356E}.Release|Any CPU.Build.0 = Release|Any CPU
		{A9BC9CAB-04E2-4609-BC80-B48104D2B348}.Debug|Any CPU.ActiveCfg = Debug|Any CPU
		{A9BC9CAB-04E2-4609-BC80-B48104D2B348}.Debug|Any CPU.Build.0 = Debug|Any CPU
		{A9BC9CAB-04E2-4609-BC80-B48104D2B348}.Release|Any CPU.ActiveCfg = Release|Any CPU
		{A9BC9CAB-04E2-4609-BC80-B48104D2B348}.Release|Any CPU.Build.0 = Release|Any CPU
		{8F5CA10C-E6A5-4F0A-AE62-A556A34E43F8}.Debug|Any CPU.ActiveCfg = Debug|Any CPU
		{8F5CA10C-E6A5-4F0A-AE62-A556A34E43F8}.Debug|Any CPU.Build.0 = Debug|Any CPU
		{8F5CA10C-E6A5-4F0A-AE62-A556A34E43F8}.Release|Any CPU.ActiveCfg = Release|Any CPU
		{8F5CA10C-E6A5-4F0A-AE62-A556A34E43F8}.Release|Any CPU.Build.0 = Release|Any CPU
		{AF77149B-3898-4E52-9C47-CDBE0C59B555}.Debug|Any CPU.ActiveCfg = Debug|Any CPU
		{AF77149B-3898-4E52-9C47-CDBE0C59B555}.Debug|Any CPU.Build.0 = Debug|Any CPU
		{AF77149B-3898-4E52-9C47-CDBE0C59B555}.Release|Any CPU.ActiveCfg = Release|Any CPU
		{AF77149B-3898-4E52-9C47-CDBE0C59B555}.Release|Any CPU.Build.0 = Release|Any CPU
		{178EA556-AA90-4DBF-9FDE-D32DF0F206E2}.Debug|Any CPU.ActiveCfg = Debug|Any CPU
		{178EA556-AA90-4DBF-9FDE-D32DF0F206E2}.Debug|Any CPU.Build.0 = Debug|Any CPU
		{178EA556-AA90-4DBF-9FDE-D32DF0F206E2}.Release|Any CPU.ActiveCfg = Release|Any CPU
		{178EA556-AA90-4DBF-9FDE-D32DF0F206E2}.Release|Any CPU.Build.0 = Release|Any CPU
		{E7545CBC-4BE8-4AE8-8B72-8EE57729FEEA}.Debug|Any CPU.ActiveCfg = Debug|Any CPU
		{E7545CBC-4BE8-4AE8-8B72-8EE57729FEEA}.Debug|Any CPU.Build.0 = Debug|Any CPU
		{E7545CBC-4BE8-4AE8-8B72-8EE57729FEEA}.Release|Any CPU.ActiveCfg = Release|Any CPU
		{E7545CBC-4BE8-4AE8-8B72-8EE57729FEEA}.Release|Any CPU.Build.0 = Release|Any CPU
	EndGlobalSection
	GlobalSection(SolutionProperties) = preSolution
		HideSolutionNode = FALSE
	EndGlobalSection
	GlobalSection(NestedProjects) = preSolution
		{AEDFF6B9-32B6-4B24-911E-C1C7DA93DBEB} = {43D8A375-51C2-41B3-8F6F-ADB50226CFE4}
		{744E6FA8-F7E9-40FF-92A4-F66E0C979635} = {07C60496-0B9A-4F55-A319-4A5090C5BAEC}
		{32B3D542-E3DF-49AF-919C-DD033F01356E} = {FC0A3DCC-8142-42B6-9614-047757EBD793}
		{A9BC9CAB-04E2-4609-BC80-B48104D2B348} = {23DEB442-80B7-4EF6-988A-CB14231246CB}
		{181F9EA4-15BE-4033-B9AC-AA0FDF4761BF} = {02EA681E-C7D8-13C7-8484-4AC65E1B71E8}
		{B280D885-EDCE-4D49-A652-6F336FDC4860} = {02EA681E-C7D8-13C7-8484-4AC65E1B71E8}
		{8F5CA10C-E6A5-4F0A-AE62-A556A34E43F8} = {B280D885-EDCE-4D49-A652-6F336FDC4860}
		{B27545F6-E55F-4447-B958-1939D16002DA} = {02EA681E-C7D8-13C7-8484-4AC65E1B71E8}
		{AF77149B-3898-4E52-9C47-CDBE0C59B555} = {B27545F6-E55F-4447-B958-1939D16002DA}
		{178EA556-AA90-4DBF-9FDE-D32DF0F206E2} = {181F9EA4-15BE-4033-B9AC-AA0FDF4761BF}
		{02EA681E-C7D8-13C7-8484-4AC65E1B71E8} = {23DEB442-80B7-4EF6-988A-CB14231246CB}
		{E7545CBC-4BE8-4AE8-8B72-8EE57729FEEA} = {E563E8CE-CA4C-46E7-BF54-2705883282AF}
	EndGlobalSection
	GlobalSection(ExtensibilityGlobals) = postSolution
		SolutionGuid = {E8B1BF0D-4C9F-49BD-8952-C8D2F17F8187}
	EndGlobalSection
EndGlobal
